Microsoft Visual Studio Solution File, Format Version 11.00
# Visual Studio 2008

Project("{876BCAC8-E1A5-FFA6-AB8E-6F7A42FE51D0}") = "spacedef", "Assembly-CSharp.csproj", "{A5709F25-CD3C-B6FA-9849-B96158F44D29}"
EndProject
Global
	GlobalSection(SolutionConfigurationPlatforms) = preSolution
		Debug|Any CPU = Debug|Any CPU
		Release|Any CPU = Release|Any CPU
	EndGlobalSection
	GlobalSection(ProjectConfigurationPlatforms) = postSolution
		{A5709F25-CD3C-B6FA-9849-B96158F44D29}.Debug|Any CPU.ActiveCfg = Debug|Any CPU
		{A5709F25-CD3C-B6FA-9849-B96158F44D29}.Debug|Any CPU.Build.0 = Debug|Any CPU
		{A5709F25-CD3C-B6FA-9849-B96158F44D29}.Release|Any CPU.ActiveCfg = Release|Any CPU
		{A5709F25-CD3C-B6FA-9849-B96158F44D29}.Release|Any CPU.Build.0 = Release|Any CPU
	EndGlobalSection
	GlobalSection(SolutionProperties) = preSolution
		HideSolutionNode = FALSE
	EndGlobalSection
	GlobalSection(MonoDevelopProperties) = preSolution
		StartupItem = Assembly-CSharp.csproj
	EndGlobalSection
EndGlobal
